
Microsoft Visual Studio Solution File, Format Version 12.00
# Visual Studio Version 17
VisualStudioVersion = 17.0.31919.166
MinimumVisualStudioVersion = 10.0.40219.1
Project("{FAE04EC0-301F-11D3-BF4B-00C04F79EFBC}") = "Demoapp", "Demoapp\Demoapp.csproj", "{AD4CACC0-D614-43AB-8521-F1F1EAD15368}"
EndProject
Global
	GlobalSection(SolutionConfigurationPlatforms) = preSolution
		Debug|Any CPU = Debug|Any CPU
		Release|Any CPU = Release|Any CPU
	EndGlobalSection
	GlobalSection(ProjectConfigurationPlatforms) = postSolution
		{AD4CACC0-D614-43AB-8521-F1F1EAD15368}.Debug|Any CPU.ActiveCfg = Debug|Any CPU
		{AD4CACC0-D614-43AB-8521-F1F1EAD15368}.Debug|Any CPU.Build.0 = Debug|Any CPU
		{AD4CACC0-D614-43AB-8521-F1F1EAD15368}.Release|Any CPU.ActiveCfg = Release|Any CPU
		{AD4CACC0-D614-43AB-8521-F1F1EAD15368}.Release|Any CPU.Build.0 = Release|Any CPU
	EndGlobalSection
	GlobalSection(SolutionProperties) = preSolution
		HideSolutionNode = FALSE
	EndGlobalSection
	GlobalSection(ExtensibilityGlobals) = postSolution
		SolutionGuid = {62D1165E-E827-4AAC-9F22-846DC02CA9C8}
	EndGlobalSection
EndGlobal
